
Microsoft Visual Studio Solution File, Format Version 10.00
# Visual Studio 2008
Project("{8BC9CEB8-8B4A-11D0-8D11-00A0C91BC942}") = "task_1_20", "task_1_20\task_1_20.vcproj", "{01F4EF81-B1E0-40F8-AAC7-CF3BFB3A7E9F}"
EndProject
Global
	GlobalSection(SolutionConfigurationPlatforms) = preSolution
		Debug|Win32 = Debug|Win32
		Release|Win32 = Release|Win32
	EndGlobalSection
	GlobalSection(ProjectConfigurationPlatforms) = postSolution
		{01F4EF81-B1E0-40F8-AAC7-CF3BFB3A7E9F}.Debug|Win32.ActiveCfg = Debug|Win32
		{01F4EF81-B1E0-40F8-AAC7-CF3BFB3A7E9F}.Debug|Win32.Build.0 = Debug|Win32
		{01F4EF81-B1E0-40F8-AAC7-CF3BFB3A7E9F}.Release|Win32.ActiveCfg = Release|Win32
		{01F4EF81-B1E0-40F8-AAC7-CF3BFB3A7E9F}.Release|Win32.Build.0 = Release|Win32
	EndGlobalSection
	GlobalSection(SolutionProperties) = preSolution
		HideSolutionNode = FALSE
	EndGlobalSection
EndGlobal
