
Microsoft Visual Studio Solution File, Format Version 10.00
# Visual Studio 2008
Project("{8BC9CEB8-8B4A-11D0-8D11-00A0C91BC942}") = "task_1_21", "task_1_21\task_1_21.vcproj", "{F911DA9F-6AF3-4CDF-A333-AD7F8F6CA97C}"
EndProject
Global
	GlobalSection(SolutionConfigurationPlatforms) = preSolution
		Debug|Win32 = Debug|Win32
		Release|Win32 = Release|Win32
	EndGlobalSection
	GlobalSection(ProjectConfigurationPlatforms) = postSolution
		{F911DA9F-6AF3-4CDF-A333-AD7F8F6CA97C}.Debug|Win32.ActiveCfg = Debug|Win32
		{F911DA9F-6AF3-4CDF-A333-AD7F8F6CA97C}.Debug|Win32.Build.0 = Debug|Win32
		{F911DA9F-6AF3-4CDF-A333-AD7F8F6CA97C}.Release|Win32.ActiveCfg = Release|Win32
		{F911DA9F-6AF3-4CDF-A333-AD7F8F6CA97C}.Release|Win32.Build.0 = Release|Win32
	EndGlobalSection
	GlobalSection(SolutionProperties) = preSolution
		HideSolutionNode = FALSE
	EndGlobalSection
EndGlobal
