
Microsoft Visual Studio Solution File, Format Version 10.00
# Visual Studio 2008
Project("{8BC9CEB8-8B4A-11D0-8D11-00A0C91BC942}") = "task1_7", "task1_7\task1_7.vcproj", "{636E19C8-8B54-4A10-BDC2-0E7D96FF5FE8}"
EndProject
Global
	GlobalSection(SolutionConfigurationPlatforms) = preSolution
		Debug|Win32 = Debug|Win32
		Release|Win32 = Release|Win32
	EndGlobalSection
	GlobalSection(ProjectConfigurationPlatforms) = postSolution
		{636E19C8-8B54-4A10-BDC2-0E7D96FF5FE8}.Debug|Win32.ActiveCfg = Debug|Win32
		{636E19C8-8B54-4A10-BDC2-0E7D96FF5FE8}.Debug|Win32.Build.0 = Debug|Win32
		{636E19C8-8B54-4A10-BDC2-0E7D96FF5FE8}.Release|Win32.ActiveCfg = Release|Win32
		{636E19C8-8B54-4A10-BDC2-0E7D96FF5FE8}.Release|Win32.Build.0 = Release|Win32
	EndGlobalSection
	GlobalSection(SolutionProperties) = preSolution
		HideSolutionNode = FALSE
	EndGlobalSection
EndGlobal
